
Microsoft Visual Studio Solution File, Format Version 12.00
# Visual Studio 15
VisualStudioVersion = 15.0.27703.2042
MinimumVisualStudioVersion = 10.0.40219.1
Project("{FAE04EC0-301F-11D3-BF4B-00C04F79EFBC}") = "DL.Console", "DL.Console\DL.Console.csproj", "{FD625E57-038E-4FD8-A67F-845202EB851B}"
EndProject
Project("{FAE04EC0-301F-11D3-BF4B-00C04F79EFBC}") = "DL.Models", "DL.Models\DL.Models.csproj", "{0B0B0C7D-2263-4C93-91B5-368386B9C953}"
EndProject
Project("{FAE04EC0-301F-11D3-BF4B-00C04F79EFBC}") = "DL.DataAccess.Abstract", "DL.DataAccess.Abstract\DL.DataAccess.Abstract.csproj", "{9BE74F85-3CA6-4D1C-B2B8-A2F195F80FA8}"
EndProject
Project("{FAE04EC0-301F-11D3-BF4B-00C04F79EFBC}") = "DL.DataAccess", "DL.DataAccess\DL.DataAccess.csproj", "{7F435240-78D2-4F26-BED8-561B03A70482}"
EndProject
Global
	GlobalSection(SolutionConfigurationPlatforms) = preSolution
		Debug|Any CPU = Debug|Any CPU
		Release|Any CPU = Release|Any CPU
	EndGlobalSection
	GlobalSection(ProjectConfigurationPlatforms) = postSolution
		{FD625E57-038E-4FD8-A67F-845202EB851B}.Debug|Any CPU.ActiveCfg = Debug|Any CPU
		{FD625E57-038E-4FD8-A67F-845202EB851B}.Debug|Any CPU.Build.0 = Debug|Any CPU
		{FD625E57-038E-4FD8-A67F-845202EB851B}.Release|Any CPU.ActiveCfg = Release|Any CPU
		{FD625E57-038E-4FD8-A67F-845202EB851B}.Release|Any CPU.Build.0 = Release|Any CPU
		{0B0B0C7D-2263-4C93-91B5-368386B9C953}.Debug|Any CPU.ActiveCfg = Debug|Any CPU
		{0B0B0C7D-2263-4C93-91B5-368386B9C953}.Debug|Any CPU.Build.0 = Debug|Any CPU
		{0B0B0C7D-2263-4C93-91B5-368386B9C953}.Release|Any CPU.ActiveCfg = Release|Any CPU
		{0B0B0C7D-2263-4C93-91B5-368386B9C953}.Release|Any CPU.Build.0 = Release|Any CPU
		{9BE74F85-3CA6-4D1C-B2B8-A2F195F80FA8}.Debug|Any CPU.ActiveCfg = Debug|Any CPU
		{9BE74F85-3CA6-4D1C-B2B8-A2F195F80FA8}.Debug|Any CPU.Build.0 = Debug|Any CPU
		{9BE74F85-3CA6-4D1C-B2B8-A2F195F80FA8}.Release|Any CPU.ActiveCfg = Release|Any CPU
		{9BE74F85-3CA6-4D1C-B2B8-A2F195F80FA8}.Release|Any CPU.Build.0 = Release|Any CPU
		{7F435240-78D2-4F26-BED8-561B03A70482}.Debug|Any CPU.ActiveCfg = Debug|Any CPU
		{7F435240-78D2-4F26-BED8-561B03A70482}.Debug|Any CPU.Build.0 = Debug|Any CPU
		{7F435240-78D2-4F26-BED8-561B03A70482}.Release|Any CPU.ActiveCfg = Release|Any CPU
		{7F435240-78D2-4F26-BED8-561B03A70482}.Release|Any CPU.Build.0 = Release|Any CPU
	EndGlobalSection
	GlobalSection(SolutionProperties) = preSolution
		HideSolutionNode = FALSE
	EndGlobalSection
	GlobalSection(ExtensibilityGlobals) = postSolution
		SolutionGuid = {F966CB87-207D-41F1-93F9-24843DA3E69E}
	EndGlobalSection
EndGlobal
